// !$*UTF8*$!
{
	archiveVersion = 1;
	classes = {
	};
	objectVersion = 46;
	objects = {

/* Begin PBXBuildFile section */
		530A42E51CC76A5E00796DCF /* BikeParser.swift in Sources */ = {isa = PBXBuildFile; fileRef = 531F22331BF3A18D00ECE80D /* BikeParser.swift */; };
		5319C3871D4657CB0014C51E /* InfoPlist.strings in Resources */ = {isa = PBXBuildFile; fileRef = 53E2325F1BFE39A700F36B71 /* InfoPlist.strings */; };
		5319C3881D4657CC0014C51E /* InfoPlist.strings in Resources */ = {isa = PBXBuildFile; fileRef = 53E2325F1BFE39A700F36B71 /* InfoPlist.strings */; };
		531F22341BF3A18D00ECE80D /* BikeParser.swift in Sources */ = {isa = PBXBuildFile; fileRef = 531F22331BF3A18D00ECE80D /* BikeParser.swift */; };
		53235FD51D4363B6008C5B47 /* Localizable.strings in Resources */ = {isa = PBXBuildFile; fileRef = 536E2C151BF726C500B5E7DE /* Localizable.strings */; };
		5333917E1CA67804005EFA48 /* StationTableViewController.swift in Sources */ = {isa = PBXBuildFile; fileRef = 5333917D1CA67804005EFA48 /* StationTableViewController.swift */; };
		533391801CA6781D005EFA48 /* StationTableViewCell.swift in Sources */ = {isa = PBXBuildFile; fileRef = 5333917F1CA6781D005EFA48 /* StationTableViewCell.swift */; };
		533391811CA67D55005EFA48 /* MapKit.framework in Frameworks */ = {isa = PBXBuildFile; fileRef = 534962C01BE3719400BFFD71 /* MapKit.framework */; };
		53356CBD1D4279BC00A20515 /* Launch Screen.storyboard in Resources */ = {isa = PBXBuildFile; fileRef = 53356CBF1D4279BC00A20515 /* Launch Screen.storyboard */; };
		534962931BE07BE700BFFD71 /* AppDelegate.swift in Sources */ = {isa = PBXBuildFile; fileRef = 534962921BE07BE700BFFD71 /* AppDelegate.swift */; };
		534962951BE07BE700BFFD71 /* ViewController.swift in Sources */ = {isa = PBXBuildFile; fileRef = 534962941BE07BE700BFFD71 /* ViewController.swift */; };
		534962981BE07BE700BFFD71 /* Main.storyboard in Resources */ = {isa = PBXBuildFile; fileRef = 534962961BE07BE700BFFD71 /* Main.storyboard */; };
		5349629A1BE07BE700BFFD71 /* Assets.xcassets in Resources */ = {isa = PBXBuildFile; fileRef = 534962991BE07BE700BFFD71 /* Assets.xcassets */; };
		534962A81BE07BE700BFFD71 /* Kaohsiung_City_BikeTests.swift in Sources */ = {isa = PBXBuildFile; fileRef = 534962A71BE07BE700BFFD71 /* Kaohsiung_City_BikeTests.swift */; };
		534962B31BE07BE700BFFD71 /* Kaohsiung_City_BikeUITests.swift in Sources */ = {isa = PBXBuildFile; fileRef = 534962B21BE07BE700BFFD71 /* Kaohsiung_City_BikeUITests.swift */; };
		534962C31BE39D6600BFFD71 /* citybike.json in Resources */ = {isa = PBXBuildFile; fileRef = 534962C21BE39D6600BFFD71 /* citybike.json */; };
		534E08D21C0DEB9400AA0133 /* TimerInterfaceController.swift in Sources */ = {isa = PBXBuildFile; fileRef = 534E08D11C0DEB9400AA0133 /* TimerInterfaceController.swift */; };
		536E2C131BF726C500B5E7DE /* Localizable.strings in Resources */ = {isa = PBXBuildFile; fileRef = 536E2C151BF726C500B5E7DE /* Localizable.strings */; };
		537EE0E31C0B35BB008501B0 /* Interface.storyboard in Resources */ = {isa = PBXBuildFile; fileRef = 537EE0E11C0B35BB008501B0 /* Interface.storyboard */; };
		537EE0EC1C0B35BB008501B0 /* Kaohsiung CityBike WatchApp Extension.appex in Embed App Extensions */ = {isa = PBXBuildFile; fileRef = 537EE0EB1C0B35BB008501B0 /* Kaohsiung CityBike WatchApp Extension.appex */; settings = {ATTRIBUTES = (RemoveHeadersOnCopy, ); }; };
		537EE0F31C0B35BB008501B0 /* InterfaceController.swift in Sources */ = {isa = PBXBuildFile; fileRef = 537EE0F21C0B35BB008501B0 /* InterfaceController.swift */; };
		537EE0F51C0B35BB008501B0 /* ExtensionDelegate.swift in Sources */ = {isa = PBXBuildFile; fileRef = 537EE0F41C0B35BB008501B0 /* ExtensionDelegate.swift */; };
		537EE0F71C0B35BB008501B0 /* NotificationController.swift in Sources */ = {isa = PBXBuildFile; fileRef = 537EE0F61C0B35BB008501B0 /* NotificationController.swift */; };
		537EE0FD1C0B35BB008501B0 /* Kaohsiung CityBike WatchApp.app in Embed Watch Content */ = {isa = PBXBuildFile; fileRef = 537EE0DF1C0B35BB008501B0 /* Kaohsiung CityBike WatchApp.app */; };
		537EE12A1C0B5F00008501B0 /* WatchConnectivity.framework in Frameworks */ = {isa = PBXBuildFile; fileRef = 537EE1291C0B5F00008501B0 /* WatchConnectivity.framework */; };
		537EE1301C0B6EBC008501B0 /* Assets.xcassets in Resources */ = {isa = PBXBuildFile; fileRef = 537EE0F81C0B35BB008501B0 /* Assets.xcassets */; };
		537EE1311C0B6EBC008501B0 /* Assets.xcassets in Resources */ = {isa = PBXBuildFile; fileRef = 537EE0F81C0B35BB008501B0 /* Assets.xcassets */; };
		537EE1331C0B7349008501B0 /* Assets.xcassets in Resources */ = {isa = PBXBuildFile; fileRef = 534962991BE07BE700BFFD71 /* Assets.xcassets */; };
		537EE1341C0B73A0008501B0 /* Assets.xcassets in Resources */ = {isa = PBXBuildFile; fileRef = 534962991BE07BE700BFFD71 /* Assets.xcassets */; };
		5380329C1C20236C00E07131 /* geojson.geojson in Resources */ = {isa = PBXBuildFile; fileRef = 5380329B1C20236B00E07131 /* geojson.geojson */; };
		53893AEE1BE9CAF700E32ECD /* DataGet.swift in Sources */ = {isa = PBXBuildFile; fileRef = 53893AED1BE9CAF700E32ECD /* DataGet.swift */; };
		53B362AA1CC4CA39003CF0E7 /* NotificationCenter.framework in Frameworks */ = {isa = PBXBuildFile; fileRef = 53B362A91CC4CA39003CF0E7 /* NotificationCenter.framework */; };
		53B362AD1CC4CA3A003CF0E7 /* TodayViewController.swift in Sources */ = {isa = PBXBuildFile; fileRef = 53B362AC1CC4CA3A003CF0E7 /* TodayViewController.swift */; };
		53B362B01CC4CA3A003CF0E7 /* MainInterface.storyboard in Resources */ = {isa = PBXBuildFile; fileRef = 53B362AE1CC4CA3A003CF0E7 /* MainInterface.storyboard */; };
		53B362B41CC4CA3A003CF0E7 /* Kaohsiung CityBike Widget.appex in Embed App Extensions */ = {isa = PBXBuildFile; fileRef = 53B362A71CC4CA39003CF0E7 /* Kaohsiung CityBike Widget.appex */; settings = {ATTRIBUTES = (RemoveHeadersOnCopy, ); }; };
		53B362BA1CC4CF7C003CF0E7 /* TodayWidgetTableViewCell.swift in Sources */ = {isa = PBXBuildFile; fileRef = 53B362B91CC4CF7C003CF0E7 /* TodayWidgetTableViewCell.swift */; };
		53B362BB1CC4CFF3003CF0E7 /* Assets.xcassets in Resources */ = {isa = PBXBuildFile; fileRef = 534962991BE07BE700BFFD71 /* Assets.xcassets */; };
		53C362311CC9D54200050EBE /* InfoPlist.strings in Resources */ = {isa = PBXBuildFile; fileRef = 53E2325F1BFE39A700F36B71 /* InfoPlist.strings */; };
		53C362331CC9FE2100050EBE /* Localizable.strings in Resources */ = {isa = PBXBuildFile; fileRef = 536E2C151BF726C500B5E7DE /* Localizable.strings */; };
		53C362341CC9FE2200050EBE /* Localizable.strings in Resources */ = {isa = PBXBuildFile; fileRef = 536E2C151BF726C500B5E7DE /* Localizable.strings */; };
		53E2325D1BFE39A700F36B71 /* InfoPlist.strings in Resources */ = {isa = PBXBuildFile; fileRef = 53E2325F1BFE39A700F36B71 /* InfoPlist.strings */; };
		53F165F21C402F6900E851F0 /* Reachability.swift in Sources */ = {isa = PBXBuildFile; fileRef = 53F165F11C402F6900E851F0 /* Reachability.swift */; };
/* End PBXBuildFile section */

/* Begin PBXContainerItemProxy section */
		534962A41BE07BE700BFFD71 /* PBXContainerItemProxy */ = {
			isa = PBXContainerItemProxy;
			containerPortal = 534962871BE07BE700BFFD71 /* Project object */;
			proxyType = 1;
			remoteGlobalIDString = 5349628E1BE07BE700BFFD71;
			remoteInfo = "Kaohsiung City Bike";
		};
		534962AF1BE07BE700BFFD71 /* PBXContainerItemProxy */ = {
			isa = PBXContainerItemProxy;
			containerPortal = 534962871BE07BE700BFFD71 /* Project object */;
			proxyType = 1;
			remoteGlobalIDString = 5349628E1BE07BE700BFFD71;
			remoteInfo = "Kaohsiung City Bike";
		};
		537EE0ED1C0B35BB008501B0 /* PBXContainerItemProxy */ = {
			isa = PBXContainerItemProxy;
			containerPortal = 534962871BE07BE700BFFD71 /* Project object */;
			proxyType = 1;
			remoteGlobalIDString = 537EE0EA1C0B35BB008501B0;
			remoteInfo = "Kaohsiung CityBike WatchApp Extension";
		};
		537EE0FB1C0B35BB008501B0 /* PBXContainerItemProxy */ = {
			isa = PBXContainerItemProxy;
			containerPortal = 534962871BE07BE700BFFD71 /* Project object */;
			proxyType = 1;
			remoteGlobalIDString = 537EE0DE1C0B35BB008501B0;
			remoteInfo = "Kaohsiung CityBike WatchApp";
		};
		53B362B21CC4CA3A003CF0E7 /* PBXContainerItemProxy */ = {
			isa = PBXContainerItemProxy;
			containerPortal = 534962871BE07BE700BFFD71 /* Project object */;
			proxyType = 1;
			remoteGlobalIDString = 53B362A61CC4CA39003CF0E7;
			remoteInfo = "Kaohsiung CityBike Widget";
		};
/* End PBXContainerItemProxy section */

/* Begin PBXCopyFilesBuildPhase section */
		537EE1031C0B35BB008501B0 /* Embed App Extensions */ = {
			isa = PBXCopyFilesBuildPhase;
			buildActionMask = 2147483647;
			dstPath = "";
			dstSubfolderSpec = 13;
			files = (
				537EE0EC1C0B35BB008501B0 /* Kaohsiung CityBike WatchApp Extension.appex in Embed App Extensions */,
			);
			name = "Embed App Extensions";
			runOnlyForDeploymentPostprocessing = 0;
		};
		53B362B81CC4CA3A003CF0E7 /* Embed App Extensions */ = {
			isa = PBXCopyFilesBuildPhase;
			buildActionMask = 2147483647;
			dstPath = "";
			dstSubfolderSpec = 13;
			files = (
				53B362B41CC4CA3A003CF0E7 /* Kaohsiung CityBike Widget.appex in Embed App Extensions */,
			);
			name = "Embed App Extensions";
			runOnlyForDeploymentPostprocessing = 0;
		};
		53C793DB1C09E0D2000FBA3B /* Embed Watch Content */ = {
			isa = PBXCopyFilesBuildPhase;
			buildActionMask = 2147483647;
			dstPath = "$(CONTENTS_FOLDER_PATH)/Watch";
			dstSubfolderSpec = 16;
			files = (
				537EE0FD1C0B35BB008501B0 /* Kaohsiung CityBike WatchApp.app in Embed Watch Content */,
			);
			name = "Embed Watch Content";
			runOnlyForDeploymentPostprocessing = 0;
		};
/* End PBXCopyFilesBuildPhase section */

/* Begin PBXFileReference section */
		531551261C08B65E00DA0285 /* ja */ = {isa = PBXFileReference; lastKnownFileType = text.plist.strings; name = ja; path = ja.lproj/Localizable.strings; sourceTree = "<group>"; };
		5319C38C1D46615C0014C51E /* zh-Hant */ = {isa = PBXFileReference; lastKnownFileType = text.plist.strings; name = "zh-Hant"; path = "zh-Hant.lproj/Interface.strings"; sourceTree = "<group>"; };
		5319C38D1D4661630014C51E /* ja */ = {isa = PBXFileReference; lastKnownFileType = text.plist.strings; name = ja; path = ja.lproj/Interface.strings; sourceTree = "<group>"; };
		5319C38E1D46616A0014C51E /* zh-Hans */ = {isa = PBXFileReference; lastKnownFileType = text.plist.strings; name = "zh-Hans"; path = "zh-Hans.lproj/Interface.strings"; sourceTree = "<group>"; };
		531F22331BF3A18D00ECE80D /* BikeParser.swift */ = {isa = PBXFileReference; fileEncoding = 4; lastKnownFileType = sourcecode.swift; path = BikeParser.swift; sourceTree = "<group>"; };
		53235FD71D4364F7008C5B47 /* zh-Hant */ = {isa = PBXFileReference; lastKnownFileType = text.plist.strings; name = "zh-Hant"; path = "zh-Hant.lproj/MainInterface.strings"; sourceTree = "<group>"; };
		53235FD91D4364F9008C5B47 /* ja */ = {isa = PBXFileReference; lastKnownFileType = text.plist.strings; name = ja; path = ja.lproj/MainInterface.strings; sourceTree = "<group>"; };
		53235FDB1D4364FA008C5B47 /* zh-Hans */ = {isa = PBXFileReference; lastKnownFileType = text.plist.strings; name = "zh-Hans"; path = "zh-Hans.lproj/MainInterface.strings"; sourceTree = "<group>"; };
		5333917D1CA67804005EFA48 /* StationTableViewController.swift */ = {isa = PBXFileReference; fileEncoding = 4; lastKnownFileType = sourcecode.swift; path = StationTableViewController.swift; sourceTree = "<group>"; };
		5333917F1CA6781D005EFA48 /* StationTableViewCell.swift */ = {isa = PBXFileReference; fileEncoding = 4; lastKnownFileType = sourcecode.swift; path = StationTableViewCell.swift; sourceTree = "<group>"; };
		53356CBE1D4279BC00A20515 /* Base */ = {isa = PBXFileReference; lastKnownFileType = file.storyboard; name = Base; path = "Base.lproj/Launch Screen.storyboard"; sourceTree = "<group>"; };
		53356CCB1D42863000A20515 /* ja */ = {isa = PBXFileReference; lastKnownFileType = text.plist.strings; name = ja; path = ja.lproj/InfoPlist.strings; sourceTree = "<group>"; };
		53356CD11D42884600A20515 /* zh-Hant */ = {isa = PBXFileReference; lastKnownFileType = text.plist.strings; name = "zh-Hant"; path = "zh-Hant.lproj/Launch Screen.strings"; sourceTree = "<group>"; };
		53356CD21D42884A00A20515 /* ja */ = {isa = PBXFileReference; lastKnownFileType = text.plist.strings; name = ja; path = "ja.lproj/Launch Screen.strings"; sourceTree = "<group>"; };
		53356CD31D42885000A20515 /* zh-Hans */ = {isa = PBXFileReference; lastKnownFileType = text.plist.strings; name = "zh-Hans"; path = "zh-Hans.lproj/Launch Screen.strings"; sourceTree = "<group>"; };
		53356CD71D42889700A20515 /* zh-Hant */ = {isa = PBXFileReference; lastKnownFileType = text.plist.strings; name = "zh-Hant"; path = "zh-Hant.lproj/Main.strings"; sourceTree = "<group>"; };
		53356CD81D42889F00A20515 /* ja */ = {isa = PBXFileReference; lastKnownFileType = text.plist.strings; name = ja; path = ja.lproj/Main.strings; sourceTree = "<group>"; };
		53356CD91D4288A600A20515 /* zh-Hans */ = {isa = PBXFileReference; lastKnownFileType = text.plist.strings; name = "zh-Hans"; path = "zh-Hans.lproj/Main.strings"; sourceTree = "<group>"; };
		5349628F1BE07BE700BFFD71 /* Kaohsiung City Bike.app */ = {isa = PBXFileReference; explicitFileType = wrapper.application; includeInIndex = 0; path = "Kaohsiung City Bike.app"; sourceTree = BUILT_PRODUCTS_DIR; };
		534962921BE07BE700BFFD71 /* AppDelegate.swift */ = {isa = PBXFileReference; lastKnownFileType = sourcecode.swift; path = AppDelegate.swift; sourceTree = "<group>"; };
		534962941BE07BE700BFFD71 /* ViewController.swift */ = {isa = PBXFileReference; lastKnownFileType = sourcecode.swift; path = ViewController.swift; sourceTree = "<group>"; };
		534962971BE07BE700BFFD71 /* Base */ = {isa = PBXFileReference; lastKnownFileType = file.storyboard; name = Base; path = Base.lproj/Main.storyboard; sourceTree = "<group>"; };
		534962991BE07BE700BFFD71 /* Assets.xcassets */ = {isa = PBXFileReference; lastKnownFileType = folder.assetcatalog; path = Assets.xcassets; sourceTree = "<group>"; };
		534962A31BE07BE700BFFD71 /* Kaohsiung City BikeTests.xctest */ = {isa = PBXFileReference; explicitFileType = wrapper.cfbundle; includeInIndex = 0; path = "Kaohsiung City BikeTests.xctest"; sourceTree = BUILT_PRODUCTS_DIR; };
		534962A71BE07BE700BFFD71 /* Kaohsiung_City_BikeTests.swift */ = {isa = PBXFileReference; lastKnownFileType = sourcecode.swift; path = Kaohsiung_City_BikeTests.swift; sourceTree = "<group>"; };
		534962A91BE07BE700BFFD71 /* Info.plist */ = {isa = PBXFileReference; lastKnownFileType = text.plist.xml; path = Info.plist; sourceTree = "<group>"; };
		534962AE1BE07BE700BFFD71 /* Kaohsiung City BikeUITests.xctest */ = {isa = PBXFileReference; explicitFileType = wrapper.cfbundle; includeInIndex = 0; path = "Kaohsiung City BikeUITests.xctest"; sourceTree = BUILT_PRODUCTS_DIR; };
		534962B21BE07BE700BFFD71 /* Kaohsiung_City_BikeUITests.swift */ = {isa = PBXFileReference; lastKnownFileType = sourcecode.swift; path = Kaohsiung_City_BikeUITests.swift; sourceTree = "<group>"; };
		534962B41BE07BE700BFFD71 /* Info.plist */ = {isa = PBXFileReference; lastKnownFileType = text.plist.xml; path = Info.plist; sourceTree = "<group>"; };
		534962C01BE3719400BFFD71 /* MapKit.framework */ = {isa = PBXFileReference; lastKnownFileType = wrapper.framework; name = MapKit.framework; path = System/Library/Frameworks/MapKit.framework; sourceTree = SDKROOT; };
		534962C21BE39D6600BFFD71 /* citybike.json */ = {isa = PBXFileReference; fileEncoding = 4; lastKnownFileType = text.json; path = citybike.json; sourceTree = "<group>"; };
		534E08D11C0DEB9400AA0133 /* TimerInterfaceController.swift */ = {isa = PBXFileReference; fileEncoding = 4; lastKnownFileType = sourcecode.swift; path = TimerInterfaceController.swift; sourceTree = "<group>"; };
		536E2C141BF726C500B5E7DE /* zh-Hant */ = {isa = PBXFileReference; lastKnownFileType = text.plist.strings; name = "zh-Hant"; path = "zh-Hant.lproj/Localizable.strings"; sourceTree = "<group>"; };
		536E2C161BF726C900B5E7DE /* en */ = {isa = PBXFileReference; lastKnownFileType = text.plist.strings; name = en; path = en.lproj/Localizable.strings; sourceTree = "<group>"; };
		537EE0DF1C0B35BB008501B0 /* Kaohsiung CityBike WatchApp.app */ = {isa = PBXFileReference; explicitFileType = wrapper.application; includeInIndex = 0; path = "Kaohsiung CityBike WatchApp.app"; sourceTree = BUILT_PRODUCTS_DIR; };
		537EE0E21C0B35BB008501B0 /* Base */ = {isa = PBXFileReference; lastKnownFileType = file.storyboard; name = Base; path = Base.lproj/Interface.storyboard; sourceTree = "<group>"; };
		537EE0E41C0B35BB008501B0 /* Assets.xcassets */ = {isa = PBXFileReference; lastKnownFileType = folder.assetcatalog; path = Assets.xcassets; sourceTree = "<group>"; };
		537EE0E61C0B35BB008501B0 /* Info.plist */ = {isa = PBXFileReference; lastKnownFileType = text.plist.xml; path = Info.plist; sourceTree = "<group>"; };
		537EE0EB1C0B35BB008501B0 /* Kaohsiung CityBike WatchApp Extension.appex */ = {isa = PBXFileReference; explicitFileType = "wrapper.app-extension"; includeInIndex = 0; path = "Kaohsiung CityBike WatchApp Extension.appex"; sourceTree = BUILT_PRODUCTS_DIR; };
		537EE0F11C0B35BB008501B0 /* PushNotificationPayload.apns */ = {isa = PBXFileReference; lastKnownFileType = text; path = PushNotificationPayload.apns; sourceTree = "<group>"; };
		537EE0F21C0B35BB008501B0 /* InterfaceController.swift */ = {isa = PBXFileReference; lastKnownFileType = sourcecode.swift; path = InterfaceController.swift; sourceTree = "<group>"; };
		537EE0F41C0B35BB008501B0 /* ExtensionDelegate.swift */ = {isa = PBXFileReference; lastKnownFileType = sourcecode.swift; path = ExtensionDelegate.swift; sourceTree = "<group>"; };
		537EE0F61C0B35BB008501B0 /* NotificationController.swift */ = {isa = PBXFileReference; lastKnownFileType = sourcecode.swift; path = NotificationController.swift; sourceTree = "<group>"; };
		537EE0F81C0B35BB008501B0 /* Assets.xcassets */ = {isa = PBXFileReference; lastKnownFileType = folder.assetcatalog; path = Assets.xcassets; sourceTree = "<group>"; };
		537EE0FA1C0B35BB008501B0 /* Info.plist */ = {isa = PBXFileReference; lastKnownFileType = text.plist.xml; path = Info.plist; sourceTree = "<group>"; };
		537EE1291C0B5F00008501B0 /* WatchConnectivity.framework */ = {isa = PBXFileReference; lastKnownFileType = wrapper.framework; name = WatchConnectivity.framework; path = System/Library/Frameworks/WatchConnectivity.framework; sourceTree = SDKROOT; };
		5380329B1C20236B00E07131 /* geojson.geojson */ = {isa = PBXFileReference; fileEncoding = 4; lastKnownFileType = text; name = geojson.geojson; path = "Kaohsiung City Bike/geojson.geojson"; sourceTree = "<group>"; };
		53893AED1BE9CAF700E32ECD /* DataGet.swift */ = {isa = PBXFileReference; fileEncoding = 4; lastKnownFileType = sourcecode.swift; path = DataGet.swift; sourceTree = "<group>"; };
		53928D071C57BB070072FA37 /* zh-Hans */ = {isa = PBXFileReference; lastKnownFileType = text.plist.strings; name = "zh-Hans"; path = "zh-Hans.lproj/Localizable.strings"; sourceTree = "<group>"; };
		53928D081C57BB070072FA37 /* zh-Hans */ = {isa = PBXFileReference; lastKnownFileType = text.plist.strings; name = "zh-Hans"; path = "zh-Hans.lproj/InfoPlist.strings"; sourceTree = "<group>"; };
		53B362A71CC4CA39003CF0E7 /* Kaohsiung CityBike Widget.appex */ = {isa = PBXFileReference; explicitFileType = "wrapper.app-extension"; includeInIndex = 0; path = "Kaohsiung CityBike Widget.appex"; sourceTree = BUILT_PRODUCTS_DIR; };
		53B362A91CC4CA39003CF0E7 /* NotificationCenter.framework */ = {isa = PBXFileReference; lastKnownFileType = wrapper.framework; name = NotificationCenter.framework; path = System/Library/Frameworks/NotificationCenter.framework; sourceTree = SDKROOT; };
		53B362AC1CC4CA3A003CF0E7 /* TodayViewController.swift */ = {isa = PBXFileReference; lastKnownFileType = sourcecode.swift; path = TodayViewController.swift; sourceTree = "<group>"; };
		53B362AF1CC4CA3A003CF0E7 /* Base */ = {isa = PBXFileReference; lastKnownFileType = file.storyboard; name = Base; path = Base.lproj/MainInterface.storyboard; sourceTree = "<group>"; };
		53B362B11CC4CA3A003CF0E7 /* Info.plist */ = {isa = PBXFileReference; lastKnownFileType = text.plist.xml; path = Info.plist; sourceTree = "<group>"; };
		53B362B91CC4CF7C003CF0E7 /* TodayWidgetTableViewCell.swift */ = {isa = PBXFileReference; fileEncoding = 4; lastKnownFileType = sourcecode.swift; path = TodayWidgetTableViewCell.swift; sourceTree = "<group>"; };
		53B362BC1CC4D72E003CF0E7 /* Kaohsiung City Bike.entitlements */ = {isa = PBXFileReference; lastKnownFileType = text.xml; path = "Kaohsiung City Bike.entitlements"; sourceTree = "<group>"; };
		53B362BD1CC4D88C003CF0E7 /* Kaohsiung CityBike Widget.entitlements */ = {isa = PBXFileReference; lastKnownFileType = text.xml; path = "Kaohsiung CityBike Widget.entitlements"; sourceTree = "<group>"; };
		53E232601BFE39A800F36B71 /* en */ = {isa = PBXFileReference; lastKnownFileType = text.plist.strings; name = en; path = en.lproj/InfoPlist.strings; sourceTree = "<group>"; };
		53E232611BFE39AB00F36B71 /* zh-Hant */ = {isa = PBXFileReference; lastKnownFileType = text.plist.strings; name = "zh-Hant"; path = "zh-Hant.lproj/InfoPlist.strings"; sourceTree = "<group>"; };
		53E42D161D436EB0004B9B98 /* Info.plist */ = {isa = PBXFileReference; fileEncoding = 4; lastKnownFileType = text.plist.xml; name = Info.plist; path = "Kaohsiung City Bike/Info.plist"; sourceTree = "<group>"; };
		53F165F11C402F6900E851F0 /* Reachability.swift */ = {isa = PBXFileReference; fileEncoding = 4; lastKnownFileType = sourcecode.swift; path = Reachability.swift; sourceTree = "<group>"; };
/* End PBXFileReference section */

/* Begin PBXFrameworksBuildPhase section */
		5349628C1BE07BE700BFFD71 /* Frameworks */ = {
			isa = PBXFrameworksBuildPhase;
			buildActionMask = 2147483647;
			files = (
				533391811CA67D55005EFA48 /* MapKit.framework in Frameworks */,
				537EE12A1C0B5F00008501B0 /* WatchConnectivity.framework in Frameworks */,
			);
			runOnlyForDeploymentPostprocessing = 0;
		};
		534962A01BE07BE700BFFD71 /* Frameworks */ = {
			isa = PBXFrameworksBuildPhase;
			buildActionMask = 2147483647;
			files = (
			);
			runOnlyForDeploymentPostprocessing = 0;
		};
		534962AB1BE07BE700BFFD71 /* Frameworks */ = {
			isa = PBXFrameworksBuildPhase;
			buildActionMask = 2147483647;
			files = (
			);
			runOnlyForDeploymentPostprocessing = 0;
		};
		537EE0E81C0B35BB008501B0 /* Frameworks */ = {
			isa = PBXFrameworksBuildPhase;
			buildActionMask = 2147483647;
			files = (
			);
			runOnlyForDeploymentPostprocessing = 0;
		};
		53B362A41CC4CA39003CF0E7 /* Frameworks */ = {
			isa = PBXFrameworksBuildPhase;
			buildActionMask = 2147483647;
			files = (
				53B362AA1CC4CA39003CF0E7 /* NotificationCenter.framework in Frameworks */,
			);
			runOnlyForDeploymentPostprocessing = 0;
		};
/* End PBXFrameworksBuildPhase section */

/* Begin PBXGroup section */
		5340DAF51BE51047009EBF16 /* image */ = {
			isa = PBXGroup;
			children = (
			);
			name = image;
			sourceTree = "<group>";
		};
		534962861BE07BE700BFFD71 = {
			isa = PBXGroup;
			children = (
				537EE1291C0B5F00008501B0 /* WatchConnectivity.framework */,
				534962C01BE3719400BFFD71 /* MapKit.framework */,
				534962911BE07BE700BFFD71 /* Kaohsiung City Bike */,
				5380329B1C20236B00E07131 /* geojson.geojson */,
				53E42D161D436EB0004B9B98 /* Info.plist */,
				534962A61BE07BE700BFFD71 /* Kaohsiung City BikeTests */,
				534962B11BE07BE700BFFD71 /* Kaohsiung City BikeUITests */,
				537EE0E01C0B35BB008501B0 /* Kaohsiung CityBike WatchApp */,
				537EE0EF1C0B35BB008501B0 /* Kaohsiung CityBike WatchApp Extension */,
				53B362AB1CC4CA39003CF0E7 /* Kaohsiung CityBike Widget */,
				53B362A81CC4CA39003CF0E7 /* Frameworks */,
				534962901BE07BE700BFFD71 /* Products */,
			);
			sourceTree = "<group>";
		};
		534962901BE07BE700BFFD71 /* Products */ = {
			isa = PBXGroup;
			children = (
				5349628F1BE07BE700BFFD71 /* Kaohsiung City Bike.app */,
				534962A31BE07BE700BFFD71 /* Kaohsiung City BikeTests.xctest */,
				534962AE1BE07BE700BFFD71 /* Kaohsiung City BikeUITests.xctest */,
				537EE0DF1C0B35BB008501B0 /* Kaohsiung CityBike WatchApp.app */,
				537EE0EB1C0B35BB008501B0 /* Kaohsiung CityBike WatchApp Extension.appex */,
				53B362A71CC4CA39003CF0E7 /* Kaohsiung CityBike Widget.appex */,
			);
			name = Products;
			sourceTree = "<group>";
		};
		534962911BE07BE700BFFD71 /* Kaohsiung City Bike */ = {
			isa = PBXGroup;
			children = (
				53B362BC1CC4D72E003CF0E7 /* Kaohsiung City Bike.entitlements */,
				5340DAF51BE51047009EBF16 /* image */,
				534962921BE07BE700BFFD71 /* AppDelegate.swift */,
				534962941BE07BE700BFFD71 /* ViewController.swift */,
				53893AED1BE9CAF700E32ECD /* DataGet.swift */,
				531F22331BF3A18D00ECE80D /* BikeParser.swift */,
				53F165F11C402F6900E851F0 /* Reachability.swift */,
				5333917D1CA67804005EFA48 /* StationTableViewController.swift */,
				5333917F1CA6781D005EFA48 /* StationTableViewCell.swift */,
				534962961BE07BE700BFFD71 /* Main.storyboard */,
				534962991BE07BE700BFFD71 /* Assets.xcassets */,
				53356CBF1D4279BC00A20515 /* Launch Screen.storyboard */,
				534962C21BE39D6600BFFD71 /* citybike.json */,
				536E2C151BF726C500B5E7DE /* Localizable.strings */,
				53E2325F1BFE39A700F36B71 /* InfoPlist.strings */,
			);
			path = "Kaohsiung City Bike";
			sourceTree = "<group>";
		};
		534962A61BE07BE700BFFD71 /* Kaohsiung City BikeTests */ = {
			isa = PBXGroup;
			children = (
				534962A71BE07BE700BFFD71 /* Kaohsiung_City_BikeTests.swift */,
				534962A91BE07BE700BFFD71 /* Info.plist */,
			);
			path = "Kaohsiung City BikeTests";
			sourceTree = "<group>";
		};
		534962B11BE07BE700BFFD71 /* Kaohsiung City BikeUITests */ = {
			isa = PBXGroup;
			children = (
				534962B21BE07BE700BFFD71 /* Kaohsiung_City_BikeUITests.swift */,
				534962B41BE07BE700BFFD71 /* Info.plist */,
			);
			path = "Kaohsiung City BikeUITests";
			sourceTree = "<group>";
		};
		537EE0E01C0B35BB008501B0 /* Kaohsiung CityBike WatchApp */ = {
			isa = PBXGroup;
			children = (
				537EE0E11C0B35BB008501B0 /* Interface.storyboard */,
				537EE0E41C0B35BB008501B0 /* Assets.xcassets */,
				537EE0E61C0B35BB008501B0 /* Info.plist */,
			);
			path = "Kaohsiung CityBike WatchApp";
			sourceTree = "<group>";
		};
		537EE0EF1C0B35BB008501B0 /* Kaohsiung CityBike WatchApp Extension */ = {
			isa = PBXGroup;
			children = (
				537EE0F21C0B35BB008501B0 /* InterfaceController.swift */,
				534E08D11C0DEB9400AA0133 /* TimerInterfaceController.swift */,
				537EE0F41C0B35BB008501B0 /* ExtensionDelegate.swift */,
				537EE0F61C0B35BB008501B0 /* NotificationController.swift */,
				537EE0F81C0B35BB008501B0 /* Assets.xcassets */,
				537EE0FA1C0B35BB008501B0 /* Info.plist */,
				537EE0F01C0B35BB008501B0 /* Supporting Files */,
			);
			path = "Kaohsiung CityBike WatchApp Extension";
			sourceTree = "<group>";
		};
		537EE0F01C0B35BB008501B0 /* Supporting Files */ = {
			isa = PBXGroup;
			children = (
				537EE0F11C0B35BB008501B0 /* PushNotificationPayload.apns */,
			);
			name = "Supporting Files";
			sourceTree = "<group>";
		};
		53B362A81CC4CA39003CF0E7 /* Frameworks */ = {
			isa = PBXGroup;
			children = (
				53B362A91CC4CA39003CF0E7 /* NotificationCenter.framework */,
			);
			name = Frameworks;
			sourceTree = "<group>";
		};
		53B362AB1CC4CA39003CF0E7 /* Kaohsiung CityBike Widget */ = {
			isa = PBXGroup;
			children = (
				53B362BD1CC4D88C003CF0E7 /* Kaohsiung CityBike Widget.entitlements */,
				53B362AC1CC4CA3A003CF0E7 /* TodayViewController.swift */,
				53B362B91CC4CF7C003CF0E7 /* TodayWidgetTableViewCell.swift */,
				53B362AE1CC4CA3A003CF0E7 /* MainInterface.storyboard */,
				53B362B11CC4CA3A003CF0E7 /* Info.plist */,
			);
			path = "Kaohsiung CityBike Widget";
			sourceTree = "<group>";
		};
/* End PBXGroup section */

/* Begin PBXNativeTarget section */
		5349628E1BE07BE700BFFD71 /* Kaohsiung City Bike */ = {
			isa = PBXNativeTarget;
			buildConfigurationList = 534962B71BE07BE700BFFD71 /* Build configuration list for PBXNativeTarget "Kaohsiung City Bike" */;
			buildPhases = (
				5349628B1BE07BE700BFFD71 /* Sources */,
				5349628C1BE07BE700BFFD71 /* Frameworks */,
				5349628D1BE07BE700BFFD71 /* Resources */,
				53C793DB1C09E0D2000FBA3B /* Embed Watch Content */,
				53B362B81CC4CA3A003CF0E7 /* Embed App Extensions */,
			);
			buildRules = (
			);
			dependencies = (
				537EE0FC1C0B35BB008501B0 /* PBXTargetDependency */,
				53B362B31CC4CA3A003CF0E7 /* PBXTargetDependency */,
			);
			name = "Kaohsiung City Bike";
			productName = "Kaohsiung City Bike";
			productReference = 5349628F1BE07BE700BFFD71 /* Kaohsiung City Bike.app */;
			productType = "com.apple.product-type.application";
		};
		534962A21BE07BE700BFFD71 /* Kaohsiung City BikeTests */ = {
			isa = PBXNativeTarget;
			buildConfigurationList = 534962BA1BE07BE700BFFD71 /* Build configuration list for PBXNativeTarget "Kaohsiung City BikeTests" */;
			buildPhases = (
				5349629F1BE07BE700BFFD71 /* Sources */,
				534962A01BE07BE700BFFD71 /* Frameworks */,
				534962A11BE07BE700BFFD71 /* Resources */,
			);
			buildRules = (
			);
			dependencies = (
				534962A51BE07BE700BFFD71 /* PBXTargetDependency */,
			);
			name = "Kaohsiung City BikeTests";
			productName = "Kaohsiung City BikeTests";
			productReference = 534962A31BE07BE700BFFD71 /* Kaohsiung City BikeTests.xctest */;
			productType = "com.apple.product-type.bundle.unit-test";
		};
		534962AD1BE07BE700BFFD71 /* Kaohsiung City BikeUITests */ = {
			isa = PBXNativeTarget;
			buildConfigurationList = 534962BD1BE07BE700BFFD71 /* Build configuration list for PBXNativeTarget "Kaohsiung City BikeUITests" */;
			buildPhases = (
				534962AA1BE07BE700BFFD71 /* Sources */,
				534962AB1BE07BE700BFFD71 /* Frameworks */,
				534962AC1BE07BE700BFFD71 /* Resources */,
			);
			buildRules = (
			);
			dependencies = (
				534962B01BE07BE700BFFD71 /* PBXTargetDependency */,
			);
			name = "Kaohsiung City BikeUITests";
			productName = "Kaohsiung City BikeUITests";
			productReference = 534962AE1BE07BE700BFFD71 /* Kaohsiung City BikeUITests.xctest */;
			productType = "com.apple.product-type.bundle.ui-testing";
		};
		537EE0DE1C0B35BB008501B0 /* Kaohsiung CityBike WatchApp */ = {
			isa = PBXNativeTarget;
			buildConfigurationList = 537EE1041C0B35BB008501B0 /* Build configuration list for PBXNativeTarget "Kaohsiung CityBike WatchApp" */;
			buildPhases = (
				537EE0DD1C0B35BB008501B0 /* Resources */,
				537EE1031C0B35BB008501B0 /* Embed App Extensions */,
			);
			buildRules = (
			);
			dependencies = (
				537EE0EE1C0B35BB008501B0 /* PBXTargetDependency */,
			);
			name = "Kaohsiung CityBike WatchApp";
			productName = "Kaohsiung CityBike WatchApp";
			productReference = 537EE0DF1C0B35BB008501B0 /* Kaohsiung CityBike WatchApp.app */;
			productType = "com.apple.product-type.application.watchapp2";
		};
		537EE0EA1C0B35BB008501B0 /* Kaohsiung CityBike WatchApp Extension */ = {
			isa = PBXNativeTarget;
			buildConfigurationList = 537EE1021C0B35BB008501B0 /* Build configuration list for PBXNativeTarget "Kaohsiung CityBike WatchApp Extension" */;
			buildPhases = (
				537EE0E71C0B35BB008501B0 /* Sources */,
				537EE0E81C0B35BB008501B0 /* Frameworks */,
				537EE0E91C0B35BB008501B0 /* Resources */,
			);
			buildRules = (
			);
			dependencies = (
			);
			name = "Kaohsiung CityBike WatchApp Extension";
			productName = "Kaohsiung CityBike WatchApp Extension";
			productReference = 537EE0EB1C0B35BB008501B0 /* Kaohsiung CityBike WatchApp Extension.appex */;
			productType = "com.apple.product-type.watchkit2-extension";
		};
		53B362A61CC4CA39003CF0E7 /* Kaohsiung CityBike Widget */ = {
			isa = PBXNativeTarget;
			buildConfigurationList = 53B362B71CC4CA3A003CF0E7 /* Build configuration list for PBXNativeTarget "Kaohsiung CityBike Widget" */;
			buildPhases = (
				53B362A31CC4CA39003CF0E7 /* Sources */,
				53B362A41CC4CA39003CF0E7 /* Frameworks */,
				53B362A51CC4CA39003CF0E7 /* Resources */,
			);
			buildRules = (
			);
			dependencies = (
			);
			name = "Kaohsiung CityBike Widget";
			productName = "Kaohsiung CityBike Widget";
			productReference = 53B362A71CC4CA39003CF0E7 /* Kaohsiung CityBike Widget.appex */;
			productType = "com.apple.product-type.app-extension";
		};
/* End PBXNativeTarget section */

/* Begin PBXProject section */
		534962871BE07BE700BFFD71 /* Project object */ = {
			isa = PBXProject;
			attributes = {
				LastSwiftUpdateCheck = 0730;
				LastUpgradeCheck = 0710;
				ORGANIZATIONNAME = "Yang Tun-Kai";
				TargetAttributes = {
					5349628E1BE07BE700BFFD71 = {
						CreatedOnToolsVersion = 7.1;
						DevelopmentTeam = 8MREJM6257;
						SystemCapabilities = {
							com.apple.ApplicationGroups.iOS = {
								enabled = 1;
							};
							com.apple.BackgroundModes = {
								enabled = 1;
							};
							com.apple.Maps.iOS = {
								enabled = 1;
							};
						};
					};
					534962A21BE07BE700BFFD71 = {
						CreatedOnToolsVersion = 7.1;
						TestTargetID = 5349628E1BE07BE700BFFD71;
					};
					534962AD1BE07BE700BFFD71 = {
						CreatedOnToolsVersion = 7.1;
						TestTargetID = 5349628E1BE07BE700BFFD71;
					};
					537EE0DE1C0B35BB008501B0 = {
						CreatedOnToolsVersion = 7.1.1;
						DevelopmentTeam = 8MREJM6257;
						SystemCapabilities = {
							com.apple.ApplicationGroups.iOS = {
								enabled = 0;
							};
						};
					};
					537EE0EA1C0B35BB008501B0 = {
						CreatedOnToolsVersion = 7.1.1;
						DevelopmentTeam = 8MREJM6257;
						SystemCapabilities = {
							com.apple.ApplicationGroups.iOS = {
								enabled = 0;
							};
							com.apple.Maps.iOS = {
								enabled = 1;
							};
						};
					};
					53B362A61CC4CA39003CF0E7 = {
						CreatedOnToolsVersion = 7.3;
						DevelopmentTeam = 8MREJM6257;
						SystemCapabilities = {
							com.apple.ApplicationGroups.iOS = {
								enabled = 1;
							};
						};
					};
				};
			};
			buildConfigurationList = 5349628A1BE07BE700BFFD71 /* Build configuration list for PBXProject "Kaohsiung City Bike" */;
			compatibilityVersion = "Xcode 3.2";
			developmentRegion = English;
			hasScannedForEncodings = 0;
			knownRegions = (
				en,
				Base,
				"zh-Hant",
				ja,
				"zh-Hans",
			);
			mainGroup = 534962861BE07BE700BFFD71;
			productRefGroup = 534962901BE07BE700BFFD71 /* Products */;
			projectDirPath = "";
			projectRoot = "";
			targets = (
				5349628E1BE07BE700BFFD71 /* Kaohsiung City Bike */,
				534962A21BE07BE700BFFD71 /* Kaohsiung City BikeTests */,
				534962AD1BE07BE700BFFD71 /* Kaohsiung City BikeUITests */,
				537EE0DE1C0B35BB008501B0 /* Kaohsiung CityBike WatchApp */,
				537EE0EA1C0B35BB008501B0 /* Kaohsiung CityBike WatchApp Extension */,
				53B362A61CC4CA39003CF0E7 /* Kaohsiung CityBike Widget */,
			);
		};
/* End PBXProject section */

/* Begin PBXResourcesBuildPhase section */
		5349628D1BE07BE700BFFD71 /* Resources */ = {
			isa = PBXResourcesBuildPhase;
			buildActionMask = 2147483647;
			files = (
				53356CBD1D4279BC00A20515 /* Launch Screen.storyboard in Resources */,
				536E2C131BF726C500B5E7DE /* Localizable.strings in Resources */,
				5380329C1C20236C00E07131 /* geojson.geojson in Resources */,
				53E2325D1BFE39A700F36B71 /* InfoPlist.strings in Resources */,
				534962C31BE39D6600BFFD71 /* citybike.json in Resources */,
				5349629A1BE07BE700BFFD71 /* Assets.xcassets in Resources */,
				534962981BE07BE700BFFD71 /* Main.storyboard in Resources */,
			);
			runOnlyForDeploymentPostprocessing = 0;
		};
		534962A11BE07BE700BFFD71 /* Resources */ = {
			isa = PBXResourcesBuildPhase;
			buildActionMask = 2147483647;
			files = (
			);
			runOnlyForDeploymentPostprocessing = 0;
		};
		534962AC1BE07BE700BFFD71 /* Resources */ = {
			isa = PBXResourcesBuildPhase;
			buildActionMask = 2147483647;
			files = (
			);
			runOnlyForDeploymentPostprocessing = 0;
		};
		537EE0DD1C0B35BB008501B0 /* Resources */ = {
			isa = PBXResourcesBuildPhase;
			buildActionMask = 2147483647;
			files = (
				537EE1311C0B6EBC008501B0 /* Assets.xcassets in Resources */,
				53235FD51D4363B6008C5B47 /* Localizable.strings in Resources */,
				537EE1341C0B73A0008501B0 /* Assets.xcassets in Resources */,
				537EE0E31C0B35BB008501B0 /* Interface.storyboard in Resources */,
				5319C3871D4657CB0014C51E /* InfoPlist.strings in Resources */,
			);
			runOnlyForDeploymentPostprocessing = 0;
		};
		537EE0E91C0B35BB008501B0 /* Resources */ = {
			isa = PBXResourcesBuildPhase;
			buildActionMask = 2147483647;
			files = (
				537EE1331C0B7349008501B0 /* Assets.xcassets in Resources */,
				5319C3881D4657CC0014C51E /* InfoPlist.strings in Resources */,
				53C362341CC9FE2200050EBE /* Localizable.strings in Resources */,
				537EE1301C0B6EBC008501B0 /* Assets.xcassets in Resources */,
			);
			runOnlyForDeploymentPostprocessing = 0;
		};
		53B362A51CC4CA39003CF0E7 /* Resources */ = {
			isa = PBXResourcesBuildPhase;
			buildActionMask = 2147483647;
			files = (
				53B362BB1CC4CFF3003CF0E7 /* Assets.xcassets in Resources */,
				53C362331CC9FE2100050EBE /* Localizable.strings in Resources */,
				53C362311CC9D54200050EBE /* InfoPlist.strings in Resources */,
				53B362B01CC4CA3A003CF0E7 /* MainInterface.storyboard in Resources */,
			);
			runOnlyForDeploymentPostprocessing = 0;
		};
/* End PBXResourcesBuildPhase section */

/* Begin PBXSourcesBuildPhase section */
		5349628B1BE07BE700BFFD71 /* Sources */ = {
			isa = PBXSourcesBuildPhase;
			buildActionMask = 2147483647;
			files = (
				534962951BE07BE700BFFD71 /* ViewController.swift in Sources */,
				53893AEE1BE9CAF700E32ECD /* DataGet.swift in Sources */,
				534962931BE07BE700BFFD71 /* AppDelegate.swift in Sources */,
				533391801CA6781D005EFA48 /* StationTableViewCell.swift in Sources */,
				53F165F21C402F6900E851F0 /* Reachability.swift in Sources */,
				5333917E1CA67804005EFA48 /* StationTableViewController.swift in Sources */,
				531F22341BF3A18D00ECE80D /* BikeParser.swift in Sources */,
			);
			runOnlyForDeploymentPostprocessing = 0;
		};
		5349629F1BE07BE700BFFD71 /* Sources */ = {
			isa = PBXSourcesBuildPhase;
			buildActionMask = 2147483647;
			files = (
				534962A81BE07BE700BFFD71 /* Kaohsiung_City_BikeTests.swift in Sources */,
			);
			runOnlyForDeploymentPostprocessing = 0;
		};
		534962AA1BE07BE700BFFD71 /* Sources */ = {
			isa = PBXSourcesBuildPhase;
			buildActionMask = 2147483647;
			files = (
				534962B31BE07BE700BFFD71 /* Kaohsiung_City_BikeUITests.swift in Sources */,
			);
			runOnlyForDeploymentPostprocessing = 0;
		};
		537EE0E71C0B35BB008501B0 /* Sources */ = {
			isa = PBXSourcesBuildPhase;
			buildActionMask = 2147483647;
			files = (
				537EE0F71C0B35BB008501B0 /* NotificationController.swift in Sources */,
				537EE0F51C0B35BB008501B0 /* ExtensionDelegate.swift in Sources */,
				537EE0F31C0B35BB008501B0 /* InterfaceController.swift in Sources */,
				534E08D21C0DEB9400AA0133 /* TimerInterfaceController.swift in Sources */,
			);
			runOnlyForDeploymentPostprocessing = 0;
		};
		53B362A31CC4CA39003CF0E7 /* Sources */ = {
			isa = PBXSourcesBuildPhase;
			buildActionMask = 2147483647;
			files = (
				53B362AD1CC4CA3A003CF0E7 /* TodayViewController.swift in Sources */,
				530A42E51CC76A5E00796DCF /* BikeParser.swift in Sources */,
				53B362BA1CC4CF7C003CF0E7 /* TodayWidgetTableViewCell.swift in Sources */,
			);
			runOnlyForDeploymentPostprocessing = 0;
		};
/* End PBXSourcesBuildPhase section */

/* Begin PBXTargetDependency section */
		534962A51BE07BE700BFFD71 /* PBXTargetDependency */ = {
			isa = PBXTargetDependency;
			target = 5349628E1BE07BE700BFFD71 /* Kaohsiung City Bike */;
			targetProxy = 534962A41BE07BE700BFFD71 /* PBXContainerItemProxy */;
		};
		534962B01BE07BE700BFFD71 /* PBXTargetDependency */ = {
			isa = PBXTargetDependency;
			target = 5349628E1BE07BE700BFFD71 /* Kaohsiung City Bike */;
			targetProxy = 534962AF1BE07BE700BFFD71 /* PBXContainerItemProxy */;
		};
		537EE0EE1C0B35BB008501B0 /* PBXTargetDependency */ = {
			isa = PBXTargetDependency;
			target = 537EE0EA1C0B35BB008501B0 /* Kaohsiung CityBike WatchApp Extension */;
			targetProxy = 537EE0ED1C0B35BB008501B0 /* PBXContainerItemProxy */;
		};
		537EE0FC1C0B35BB008501B0 /* PBXTargetDependency */ = {
			isa = PBXTargetDependency;
			target = 537EE0DE1C0B35BB008501B0 /* Kaohsiung CityBike WatchApp */;
			targetProxy = 537EE0FB1C0B35BB008501B0 /* PBXContainerItemProxy */;
		};
		53B362B31CC4CA3A003CF0E7 /* PBXTargetDependency */ = {
			isa = PBXTargetDependency;
			target = 53B362A61CC4CA39003CF0E7 /* Kaohsiung CityBike Widget */;
			targetProxy = 53B362B21CC4CA3A003CF0E7 /* PBXContainerItemProxy */;
		};
/* End PBXTargetDependency section */

/* Begin PBXVariantGroup section */
		53356CBF1D4279BC00A20515 /* Launch Screen.storyboard */ = {
			isa = PBXVariantGroup;
			children = (
				53356CBE1D4279BC00A20515 /* Base */,
				53356CD11D42884600A20515 /* zh-Hant */,
				53356CD21D42884A00A20515 /* ja */,
				53356CD31D42885000A20515 /* zh-Hans */,
			);
			name = "Launch Screen.storyboard";
			sourceTree = "<group>";
		};
		534962961BE07BE700BFFD71 /* Main.storyboard */ = {
			isa = PBXVariantGroup;
			children = (
				534962971BE07BE700BFFD71 /* Base */,
				53356CD71D42889700A20515 /* zh-Hant */,
				53356CD81D42889F00A20515 /* ja */,
				53356CD91D4288A600A20515 /* zh-Hans */,
			);
			name = Main.storyboard;
			sourceTree = "<group>";
		};
		536E2C151BF726C500B5E7DE /* Localizable.strings */ = {
			isa = PBXVariantGroup;
			children = (
				536E2C141BF726C500B5E7DE /* zh-Hant */,
				536E2C161BF726C900B5E7DE /* en */,
				531551261C08B65E00DA0285 /* ja */,
				53928D071C57BB070072FA37 /* zh-Hans */,
			);
			name = Localizable.strings;
			sourceTree = "<group>";
		};
		537EE0E11C0B35BB008501B0 /* Interface.storyboard */ = {
			isa = PBXVariantGroup;
			children = (
				537EE0E21C0B35BB008501B0 /* Base */,
				5319C38C1D46615C0014C51E /* zh-Hant */,
				5319C38D1D4661630014C51E /* ja */,
				5319C38E1D46616A0014C51E /* zh-Hans */,
			);
			name = Interface.storyboard;
			sourceTree = "<group>";
		};
		53B362AE1CC4CA3A003CF0E7 /* MainInterface.storyboard */ = {
			isa = PBXVariantGroup;
			children = (
				53B362AF1CC4CA3A003CF0E7 /* Base */,
				53235FD71D4364F7008C5B47 /* zh-Hant */,
				53235FD91D4364F9008C5B47 /* ja */,
				53235FDB1D4364FA008C5B47 /* zh-Hans */,
			);
			name = MainInterface.storyboard;
			sourceTree = "<group>";
		};
		53E2325F1BFE39A700F36B71 /* InfoPlist.strings */ = {
			isa = PBXVariantGroup;
			children = (
				53E232601BFE39A800F36B71 /* en */,
				53E232611BFE39AB00F36B71 /* zh-Hant */,
				53928D081C57BB070072FA37 /* zh-Hans */,
				53356CCB1D42863000A20515 /* ja */,
			);
			name = InfoPlist.strings;
			sourceTree = "<group>";
		};
/* End PBXVariantGroup section */

/* Begin XCBuildConfiguration section */
		534962B51BE07BE700BFFD71 /* Debug */ = {
			isa = XCBuildConfiguration;
			buildSettings = {
				ALWAYS_SEARCH_USER_PATHS = NO;
				CLANG_CXX_LANGUAGE_STANDARD = "gnu++0x";
				CLANG_CXX_LIBRARY = "libc++";
				CLANG_ENABLE_MODULES = YES;
				CLANG_ENABLE_OBJC_ARC = YES;
				CLANG_WARN_BOOL_CONVERSION = YES;
				CLANG_WARN_CONSTANT_CONVERSION = YES;
				CLANG_WARN_DIRECT_OBJC_ISA_USAGE = YES_ERROR;
				CLANG_WARN_EMPTY_BODY = YES;
				CLANG_WARN_ENUM_CONVERSION = YES;
				CLANG_WARN_INT_CONVERSION = YES;
				CLANG_WARN_OBJC_ROOT_CLASS = YES_ERROR;
				CLANG_WARN_UNREACHABLE_CODE = YES;
				CLANG_WARN__DUPLICATE_METHOD_MATCH = YES;
				CODE_SIGN_IDENTITY = "iPhone Developer";
				"CODE_SIGN_IDENTITY[sdk=iphoneos*]" = "iPhone Developer";
				COPY_PHASE_STRIP = NO;
				DEBUG_INFORMATION_FORMAT = dwarf;
				ENABLE_STRICT_OBJC_MSGSEND = YES;
				ENABLE_TESTABILITY = YES;
				GCC_C_LANGUAGE_STANDARD = gnu99;
				GCC_DYNAMIC_NO_PIC = NO;
				GCC_NO_COMMON_BLOCKS = YES;
				GCC_OPTIMIZATION_LEVEL = 0;
				GCC_PREPROCESSOR_DEFINITIONS = (
					"DEBUG=1",
					"$(inherited)",
				);
				GCC_WARN_64_TO_32_BIT_CONVERSION = YES;
				GCC_WARN_ABOUT_RETURN_TYPE = YES_ERROR;
				GCC_WARN_UNDECLARED_SELECTOR = YES;
				GCC_WARN_UNINITIALIZED_AUTOS = YES_AGGRESSIVE;
				GCC_WARN_UNUSED_FUNCTION = YES;
				GCC_WARN_UNUSED_VARIABLE = YES;
				IPHONEOS_DEPLOYMENT_TARGET = 9.0;
				MTL_ENABLE_DEBUG_INFO = YES;
				ONLY_ACTIVE_ARCH = YES;
				PROVISIONING_PROFILE = "";
				SDKROOT = iphoneos;
				SWIFT_OPTIMIZATION_LEVEL = "-Onone";
			};
			name = Debug;
		};
		534962B61BE07BE700BFFD71 /* Release */ = {
			isa = XCBuildConfiguration;
			buildSettings = {
				ALWAYS_SEARCH_USER_PATHS = NO;
				CLANG_CXX_LANGUAGE_STANDARD = "gnu++0x";
				CLANG_CXX_LIBRARY = "libc++";
				CLANG_ENABLE_MODULES = YES;
				CLANG_ENABLE_OBJC_ARC = YES;
				CLANG_WARN_BOOL_CONVERSION = YES;
				CLANG_WARN_CONSTANT_CONVERSION = YES;
				CLANG_WARN_DIRECT_OBJC_ISA_USAGE = YES_ERROR;
				CLANG_WARN_EMPTY_BODY = YES;
				CLANG_WARN_ENUM_CONVERSION = YES;
				CLANG_WARN_INT_CONVERSION = YES;
				CLANG_WARN_OBJC_ROOT_CLASS = YES_ERROR;
				CLANG_WARN_UNREACHABLE_CODE = YES;
				CLANG_WARN__DUPLICATE_METHOD_MATCH = YES;
				CODE_SIGN_IDENTITY = "iPhone Developer";
				"CODE_SIGN_IDENTITY[sdk=iphoneos*]" = "iPhone Developer";
				COPY_PHASE_STRIP = NO;
				DEBUG_INFORMATION_FORMAT = "dwarf-with-dsym";
				ENABLE_NS_ASSERTIONS = NO;
				ENABLE_STRICT_OBJC_MSGSEND = YES;
				GCC_C_LANGUAGE_STANDARD = gnu99;
				GCC_NO_COMMON_BLOCKS = YES;
				GCC_WARN_64_TO_32_BIT_CONVERSION = YES;
				GCC_WARN_ABOUT_RETURN_TYPE = YES_ERROR;
				GCC_WARN_UNDECLARED_SELECTOR = YES;
				GCC_WARN_UNINITIALIZED_AUTOS = YES_AGGRESSIVE;
				GCC_WARN_UNUSED_FUNCTION = YES;
				GCC_WARN_UNUSED_VARIABLE = YES;
				IPHONEOS_DEPLOYMENT_TARGET = 9.0;
				MTL_ENABLE_DEBUG_INFO = NO;
				PROVISIONING_PROFILE = "";
				SDKROOT = iphoneos;
				VALIDATE_PRODUCT = YES;
			};
			name = Release;
		};
		534962B81BE07BE700BFFD71 /* Debug */ = {
			isa = XCBuildConfiguration;
			buildSettings = {
				ASSETCATALOG_COMPILER_APPICON_NAME = AppIcon;
				CODE_SIGN_ENTITLEMENTS = "Kaohsiung City Bike/Kaohsiung City Bike.entitlements";
				CODE_SIGN_IDENTITY = "iPhone Developer";
				"CODE_SIGN_IDENTITY[sdk=iphoneos*]" = "iPhone Developer";
				EMBEDDED_CONTENT_CONTAINS_SWIFT = YES;
				INFOPLIST_FILE = "Kaohsiung City Bike/Info.plist";
				IPHONEOS_DEPLOYMENT_TARGET = 9.0;
				LD_RUNPATH_SEARCH_PATHS = "$(inherited) @executable_path/Frameworks";
				PRODUCT_BUNDLE_IDENTIFIER = Sparkrs.CityBike;
				PRODUCT_NAME = "$(TARGET_NAME)";
				PROVISIONING_PROFILE = "";
			};
			name = Debug;
		};
		534962B91BE07BE700BFFD71 /* Release */ = {
			isa = XCBuildConfiguration;
			buildSettings = {
				ASSETCATALOG_COMPILER_APPICON_NAME = AppIcon;
				CODE_SIGN_ENTITLEMENTS = "Kaohsiung City Bike/Kaohsiung City Bike.entitlements";
				CODE_SIGN_IDENTITY = "iPhone Developer";
				"CODE_SIGN_IDENTITY[sdk=iphoneos*]" = "iPhone Developer";
				EMBEDDED_CONTENT_CONTAINS_SWIFT = YES;
				INFOPLIST_FILE = "Kaohsiung City Bike/Info.plist";
				IPHONEOS_DEPLOYMENT_TARGET = 9.0;
				LD_RUNPATH_SEARCH_PATHS = "$(inherited) @executable_path/Frameworks";
				PRODUCT_BUNDLE_IDENTIFIER = Sparkrs.CityBike;
				PRODUCT_NAME = "$(TARGET_NAME)";
				PROVISIONING_PROFILE = "";
			};
			name = Release;
		};
		534962BB1BE07BE700BFFD71 /* Debug */ = {
			isa = XCBuildConfiguration;
			buildSettings = {
				BUNDLE_LOADER = "$(TEST_HOST)";
				INFOPLIST_FILE = "Kaohsiung City BikeTests/Info.plist";
				LD_RUNPATH_SEARCH_PATHS = "$(inherited) @executable_path/Frameworks @loader_path/Frameworks";
				PRODUCT_BUNDLE_IDENTIFIER = "Sparkr.Kaohsiung-City-BikeTests";
				PRODUCT_NAME = "$(TARGET_NAME)";
				TEST_HOST = "$(BUILT_PRODUCTS_DIR)/Kaohsiung City Bike.app/Kaohsiung City Bike";
			};
			name = Debug;
		};
		534962BC1BE07BE700BFFD71 /* Release */ = {
			isa = XCBuildConfiguration;
			buildSettings = {
				BUNDLE_LOADER = "$(TEST_HOST)";
				INFOPLIST_FILE = "Kaohsiung City BikeTests/Info.plist";
				LD_RUNPATH_SEARCH_PATHS = "$(inherited) @executable_path/Frameworks @loader_path/Frameworks";
				PRODUCT_BUNDLE_IDENTIFIER = "Sparkr.Kaohsiung-City-BikeTests";
				PRODUCT_NAME = "$(TARGET_NAME)";
				TEST_HOST = "$(BUILT_PRODUCTS_DIR)/Kaohsiung City Bike.app/Kaohsiung City Bike";
			};
			name = Release;
		};
		534962BE1BE07BE700BFFD71 /* Debug */ = {
			isa = XCBuildConfiguration;
			buildSettings = {
				INFOPLIST_FILE = "Kaohsiung City BikeUITests/Info.plist";
				LD_RUNPATH_SEARCH_PATHS = "$(inherited) @executable_path/Frameworks @loader_path/Frameworks";
				PRODUCT_BUNDLE_IDENTIFIER = "Sparkr.Kaohsiung-City-BikeUITests";
				PRODUCT_NAME = "$(TARGET_NAME)";
				TEST_TARGET_NAME = "Kaohsiung City Bike";
				USES_XCTRUNNER = YES;
			};
			name = Debug;
		};
		534962BF1BE07BE700BFFD71 /* Release */ = {
			isa = XCBuildConfiguration;
			buildSettings = {
				INFOPLIST_FILE = "Kaohsiung City BikeUITests/Info.plist";
				LD_RUNPATH_SEARCH_PATHS = "$(inherited) @executable_path/Frameworks @loader_path/Frameworks";
				PRODUCT_BUNDLE_IDENTIFIER = "Sparkr.Kaohsiung-City-BikeUITests";
				PRODUCT_NAME = "$(TARGET_NAME)";
				TEST_TARGET_NAME = "Kaohsiung City Bike";
				USES_XCTRUNNER = YES;
			};
			name = Release;
		};
		537EE0FE1C0B35BB008501B0 /* Debug */ = {
			isa = XCBuildConfiguration;
			buildSettings = {
				ASSETCATALOG_COMPILER_APPICON_NAME = AppIcon;
				CODE_SIGN_ENTITLEMENTS = "";
				CODE_SIGN_IDENTITY = "iPhone Developer";
				"CODE_SIGN_IDENTITY[sdk=watchos*]" = "iPhone Developer";
				EMBEDDED_CONTENT_CONTAINS_SWIFT = YES;
				IBSC_MODULE = Kaohsiung_CityBike_WatchApp_Extension;
				INFOPLIST_FILE = "Kaohsiung CityBike WatchApp/Info.plist";
				PRODUCT_BUNDLE_IDENTIFIER = Sparkrs.CityBike.watchkitapp;
				PRODUCT_NAME = "$(TARGET_NAME)";
				PROVISIONING_PROFILE = "";
				SDKROOT = watchos;
				SKIP_INSTALL = YES;
				TARGETED_DEVICE_FAMILY = 4;
				WATCHOS_DEPLOYMENT_TARGET = 2.0;
			};
			name = Debug;
		};
		537EE0FF1C0B35BB008501B0 /* Release */ = {
			isa = XCBuildConfiguration;
			buildSettings = {
				ASSETCATALOG_COMPILER_APPICON_NAME = AppIcon;
				CODE_SIGN_ENTITLEMENTS = "";
				CODE_SIGN_IDENTITY = "iPhone Developer";
				"CODE_SIGN_IDENTITY[sdk=watchos*]" = "iPhone Developer";
				EMBEDDED_CONTENT_CONTAINS_SWIFT = YES;
				IBSC_MODULE = Kaohsiung_CityBike_WatchApp_Extension;
				INFOPLIST_FILE = "Kaohsiung CityBike WatchApp/Info.plist";
				PRODUCT_BUNDLE_IDENTIFIER = Sparkrs.CityBike.watchkitapp;
				PRODUCT_NAME = "$(TARGET_NAME)";
				PROVISIONING_PROFILE = "";
				SDKROOT = watchos;
				SKIP_INSTALL = YES;
				TARGETED_DEVICE_FAMILY = 4;
				WATCHOS_DEPLOYMENT_TARGET = 2.0;
			};
			name = Release;
		};
		537EE1001C0B35BB008501B0 /* Debug */ = {
			isa = XCBuildConfiguration;
			buildSettings = {
				CODE_SIGN_ENTITLEMENTS = "";
				CODE_SIGN_IDENTITY = "iPhone Developer";
				"CODE_SIGN_IDENTITY[sdk=watchos*]" = "iPhone Developer";
				INFOPLIST_FILE = "Kaohsiung CityBike WatchApp Extension/Info.plist";
				LD_RUNPATH_SEARCH_PATHS = "$(inherited) @executable_path/Frameworks @executable_path/../../Frameworks";
				PRODUCT_BUNDLE_IDENTIFIER = Sparkrs.CityBike.watchkitapp.watchkitextension;
				PRODUCT_NAME = "${TARGET_NAME}";
				PROVISIONING_PROFILE = "";
				SDKROOT = watchos;
				SKIP_INSTALL = YES;
				TARGETED_DEVICE_FAMILY = 4;
				WATCHOS_DEPLOYMENT_TARGET = 2.0;
			};
			name = Debug;
		};
		537EE1011C0B35BB008501B0 /* Release */ = {
			isa = XCBuildConfiguration;
			buildSettings = {
				CODE_SIGN_ENTITLEMENTS = "";
				CODE_SIGN_IDENTITY = "iPhone Developer";
				"CODE_SIGN_IDENTITY[sdk=watchos*]" = "iPhone Developer";
				INFOPLIST_FILE = "Kaohsiung CityBike WatchApp Extension/Info.plist";
				LD_RUNPATH_SEARCH_PATHS = "$(inherited) @executable_path/Frameworks @executable_path/../../Frameworks";
				PRODUCT_BUNDLE_IDENTIFIER = Sparkrs.CityBike.watchkitapp.watchkitextension;
				PRODUCT_NAME = "${TARGET_NAME}";
				PROVISIONING_PROFILE = "";
				SDKROOT = watchos;
				SKIP_INSTALL = YES;
				TARGETED_DEVICE_FAMILY = 4;
				WATCHOS_DEPLOYMENT_TARGET = 2.0;
			};
			name = Release;
		};
		53B362B51CC4CA3A003CF0E7 /* Debug */ = {
			isa = XCBuildConfiguration;
			buildSettings = {
				CLANG_ANALYZER_NONNULL = YES;
				CODE_SIGN_ENTITLEMENTS = "Kaohsiung CityBike Widget/Kaohsiung CityBike Widget.entitlements";
				CODE_SIGN_IDENTITY = "iPhone Developer";
				"CODE_SIGN_IDENTITY[sdk=iphoneos*]" = "iPhone Developer";
				INFOPLIST_FILE = "Kaohsiung CityBike Widget/Info.plist";
				IPHONEOS_DEPLOYMENT_TARGET = 9.3;
				LD_RUNPATH_SEARCH_PATHS = "$(inherited) @executable_path/Frameworks @executable_path/../../Frameworks";
				PRODUCT_BUNDLE_IDENTIFIER = "Sparkrs.CityBike.Kaohsiung-CityBike-Widget";
				PRODUCT_NAME = "$(TARGET_NAME)";
				PROVISIONING_PROFILE = "";
				SKIP_INSTALL = YES;
			};
			name = Debug;
		};
		53B362B61CC4CA3A003CF0E7 /* Release */ = {
			isa = XCBuildConfiguration;
			buildSettings = {
				CLANG_ANALYZER_NONNULL = YES;
				CODE_SIGN_ENTITLEMENTS = "Kaohsiung CityBike Widget/Kaohsiung CityBike Widget.entitlements";
				CODE_SIGN_IDENTITY = "iPhone Developer";
				"CODE_SIGN_IDENTITY[sdk=iphoneos*]" = "iPhone Developer";
				INFOPLIST_FILE = "Kaohsiung CityBike Widget/Info.plist";
				IPHONEOS_DEPLOYMENT_TARGET = 9.3;
				LD_RUNPATH_SEARCH_PATHS = "$(inherited) @executable_path/Frameworks @executable_path/../../Frameworks";
				PRODUCT_BUNDLE_IDENTIFIER = "Sparkrs.CityBike.Kaohsiung-CityBike-Widget";
				PRODUCT_NAME = "$(TARGET_NAME)";
				PROVISIONING_PROFILE = "";
				SKIP_INSTALL = YES;
			};
			name = Release;
		};
/* End XCBuildConfiguration section */

/* Begin XCConfigurationList section */
		5349628A1BE07BE700BFFD71 /* Build configuration list for PBXProject "Kaohsiung City Bike" */ = {
			isa = XCConfigurationList;
			buildConfigurations = (
				534962B51BE07BE700BFFD71 /* Debug */,
				534962B61BE07BE700BFFD71 /* Release */,
			);
			defaultConfigurationIsVisible = 0;
			defaultConfigurationName = Release;
		};
		534962B71BE07BE700BFFD71 /* Build configuration list for PBXNativeTarget "Kaohsiung City Bike" */ = {
			isa = XCConfigurationList;
			buildConfigurations = (
				534962B81BE07BE700BFFD71 /* Debug */,
				534962B91BE07BE700BFFD71 /* Release */,
			);
			defaultConfigurationIsVisible = 0;
			defaultConfigurationName = Release;
		};
		534962BA1BE07BE700BFFD71 /* Build configuration list for PBXNativeTarget "Kaohsiung City BikeTests" */ = {
			isa = XCConfigurationList;
			buildConfigurations = (
				534962BB1BE07BE700BFFD71 /* Debug */,
				534962BC1BE07BE700BFFD71 /* Release */,
			);
			defaultConfigurationIsVisible = 0;
			defaultConfigurationName = Release;
		};
		534962BD1BE07BE700BFFD71 /* Build configuration list for PBXNativeTarget "Kaohsiung City BikeUITests" */ = {
			isa = XCConfigurationList;
			buildConfigurations = (
				534962BE1BE07BE700BFFD71 /* Debug */,
				534962BF1BE07BE700BFFD71 /* Release */,
			);
			defaultConfigurationIsVisible = 0;
			defaultConfigurationName = Release;
		};
		537EE1021C0B35BB008501B0 /* Build configuration list for PBXNativeTarget "Kaohsiung CityBike WatchApp Extension" */ = {
			isa = XCConfigurationList;
			buildConfigurations = (
				537EE1001C0B35BB008501B0 /* Debug */,
				537EE1011C0B35BB008501B0 /* Release */,
			);
			defaultConfigurationIsVisible = 0;
			defaultConfigurationName = Release;
		};
		537EE1041C0B35BB008501B0 /* Build configuration list for PBXNativeTarget "Kaohsiung CityBike WatchApp" */ = {
			isa = XCConfigurationList;
			buildConfigurations = (
				537EE0FE1C0B35BB008501B0 /* Debug */,
				537EE0FF1C0B35BB008501B0 /* Release */,
			);
			defaultConfigurationIsVisible = 0;
			defaultConfigurationName = Release;
		};
		53B362B71CC4CA3A003CF0E7 /* Build configuration list for PBXNativeTarget "Kaohsiung CityBike Widget" */ = {
			isa = XCConfigurationList;
			buildConfigurations = (
				53B362B51CC4CA3A003CF0E7 /* Debug */,
				53B362B61CC4CA3A003CF0E7 /* Release */,
			);
			defaultConfigurationIsVisible = 0;
			defaultConfigurationName = Release;
		};
/* End XCConfigurationList section */
	};
	rootObject = 534962871BE07BE700BFFD71 /* Project object */;
}
